
Microsoft Visual Studio Solution File, Format Version 12.00
# Visual Studio Version 17
VisualStudioVersion = 17.5.33530.505
MinimumVisualStudioVersion = 10.0.40219.1
Project("{FAE04EC0-301F-11D3-BF4B-00C04F79EFBC}") = "SubtractionService", "SubtractionService\SubtractionService.csproj", "{BBB21857-0830-4A14-90E0-BF152E1E4772}"
EndProject
Global
	GlobalSection(SolutionConfigurationPlatforms) = preSolution
		Debug|Any CPU = Debug|Any CPU
		Release|Any CPU = Release|Any CPU
	EndGlobalSection
	GlobalSection(ProjectConfigurationPlatforms) = postSolution
		{BBB21857-0830-4A14-90E0-BF152E1E4772}.Debug|Any CPU.ActiveCfg = Debug|Any CPU
		{BBB21857-0830-4A14-90E0-BF152E1E4772}.Debug|Any CPU.Build.0 = Debug|Any CPU
		{BBB21857-0830-4A14-90E0-BF152E1E4772}.Release|Any CPU.ActiveCfg = Release|Any CPU
		{BBB21857-0830-4A14-90E0-BF152E1E4772}.Release|Any CPU.Build.0 = Release|Any CPU
	EndGlobalSection
	GlobalSection(SolutionProperties) = preSolution
		HideSolutionNode = FALSE
	EndGlobalSection
	GlobalSection(ExtensibilityGlobals) = postSolution
		SolutionGuid = {063433C1-DAE3-45A0-A16D-946537160042}
	EndGlobalSection
EndGlobal
